// !$*UTF8*$!
{
	archiveVersion = 1;
	classes = {
	};
	objectVersion = 63;
	objects = {

/* Begin PBXBuildFile section */
		028300141808746466E634B2 /* ExerciseListViewModel.swift in Sources */ = {isa = PBXBuildFile; fileRef = 8C3BAFA3A7ED1245F960821D /* ExerciseListViewModel.swift */; };
		0912D47120B7229C364E8E77 /* ExercisePickerView.swift in Sources */ = {isa = PBXBuildFile; fileRef = 2FD4A75277E171E122BA9542 /* ExercisePickerView.swift */; };
		0960A99C5E03DF15FF1EAAA6 /* WorkoutSession.swift in Sources */ = {isa = PBXBuildFile; fileRef = 6903883C5A89858553E80FB5 /* WorkoutSession.swift */; };
		0B9CFF42C9BBCFB76F6DBF91 /* SessionStatus.swift in Sources */ = {isa = PBXBuildFile; fileRef = 1AA0CD4C1B4C52FD2138588B /* SessionStatus.swift */; };
		0C11462B55008A7900A9D51A /* PreviewData.swift in Sources */ = {isa = PBXBuildFile; fileRef = 43A97C22BE313E8BF8F6BBE0 /* PreviewData.swift */; };
		10EE81F1DE85FE8D4DD052D1 /* TemplateEditorViewModel.swift in Sources */ = {isa = PBXBuildFile; fileRef = 0FB3FD803035F69C96618C58 /* TemplateEditorViewModel.swift */; };
		13C79CA9AD7379340FE35067 /* WorkoutSet.swift in Sources */ = {isa = PBXBuildFile; fileRef = 4B77869D2A63077D38A2BACF /* WorkoutSet.swift */; };
		15912B4D866475B0F57D33C9 /* StartSessionView.swift in Sources */ = {isa = PBXBuildFile; fileRef = 9268BDB66527C4092294AB0A /* StartSessionView.swift */; };
		17F64797FED2F13285CBF3DF /* ExerciseHistoryService.swift in Sources */ = {isa = PBXBuildFile; fileRef = EB1F8CF542B810D25E2B0B5E /* ExerciseHistoryService.swift */; };
		279835F8906524F82B742370 /* HistoryView.swift in Sources */ = {isa = PBXBuildFile; fileRef = AD6B518A75EDFFD4D7B9AB4F /* HistoryView.swift */; };
		2B1180303A14C73D8F78C5AC /* SetRowView.swift in Sources */ = {isa = PBXBuildFile; fileRef = 2347DB689E6E46BB2C37B04F /* SetRowView.swift */; };
		2B816B26FEFB9DAD926EE3A6 /* ExerciseType.swift in Sources */ = {isa = PBXBuildFile; fileRef = DE8D1882ABE2FC1D7282CB6B /* ExerciseType.swift */; };
		383A87C4090D9D5076A60557 /* WorkoutWidgetExtension.appex in Embed Foundation Extensions */ = {isa = PBXBuildFile; fileRef = 357C8744D6F3D1DE52BD96B4 /* WorkoutWidgetExtension.appex */; settings = {ATTRIBUTES = (RemoveHeadersOnCopy, ); }; };
		3C6A3872F812FC819E64A705 /* TemplateListView.swift in Sources */ = {isa = PBXBuildFile; fileRef = 870D42857606098A33F445CE /* TemplateListView.swift */; };
		48AF3ABA437D223290579400 /* DefaultExerciseLibrary.swift in Sources */ = {isa = PBXBuildFile; fileRef = C875B1889073FBECDCD0CDCB /* DefaultExerciseLibrary.swift */; };
		618D6400A9AA496737510497 /* ExerciseListView.swift in Sources */ = {isa = PBXBuildFile; fileRef = 8447EDB23058B8EA0189F2F0 /* ExerciseListView.swift */; };
		61C7F7FE7D5674EB2C7299F7 /* TimerDisplayView.swift in Sources */ = {isa = PBXBuildFile; fileRef = DE835C7375DE74DEDE5DEBF2 /* TimerDisplayView.swift */; };
		6A217D1F73709AC1ABF0DCE1 /* EmptyStateView.swift in Sources */ = {isa = PBXBuildFile; fileRef = A920DFD24F403A0AE090901D /* EmptyStateView.swift */; };
		6CE4B7E9B37708B480E119DC /* ExerciseFormView.swift in Sources */ = {isa = PBXBuildFile; fileRef = B1EDA411A72464C961A06B44 /* ExerciseFormView.swift */; };
		744E36678B5AB8BA40996DB3 /* EndRestIntent.swift in Sources */ = {isa = PBXBuildFile; fileRef = EBCC0B10507636C70F5C648B /* EndRestIntent.swift */; };
		788EBD095ACFD0CF48BDA4EE /* Assets.xcassets in Resources */ = {isa = PBXBuildFile; fileRef = EE9617577EC2B1EE77CC2E63 /* Assets.xcassets */; };
		7D989A8BC47995E329D2EBEC /* ExerciseBlockView.swift in Sources */ = {isa = PBXBuildFile; fileRef = EAD5807B25182FB6EEDA38E1 /* ExerciseBlockView.swift */; };
		88B3828DD1B9709DC0FEF74A /* StartSessionViewModel.swift in Sources */ = {isa = PBXBuildFile; fileRef = BF217748AEF9999B71F26B21 /* StartSessionViewModel.swift */; };
		8E637F633B769EBBD961DEA8 /* WorkoutWidgetExtensionBundle.swift in Sources */ = {isa = PBXBuildFile; fileRef = 10EB6957BE8DC39B5466E38B /* WorkoutWidgetExtensionBundle.swift */; };
		96FEFFC1AD6D804449068859 /* WorkoutLiveActivityView.swift in Sources */ = {isa = PBXBuildFile; fileRef = C91FAEDC07AB48A88429C38A /* WorkoutLiveActivityView.swift */; };
		98361FD687F093D8E6CA2901 /* BodyPart.swift in Sources */ = {isa = PBXBuildFile; fileRef = E2EB66B5B1AF5133E54AEFB9 /* BodyPart.swift */; };
		AD489D565493D8F9733ED9FD /* NumericTextField.swift in Sources */ = {isa = PBXBuildFile; fileRef = 0670A9AB9DF27BCD555BBAD2 /* NumericTextField.swift */; };
		BA532A5A6FA98C950510B2D2 /* ContentView.swift in Sources */ = {isa = PBXBuildFile; fileRef = CB5CBC31F5C46E70A4B6D4CE /* ContentView.swift */; };
		BE25C87388F81DF2F2A36085 /* WorkoutActivity.swift in Sources */ = {isa = PBXBuildFile; fileRef = 80FAB456BD7D969B7ACE64DA /* WorkoutActivity.swift */; };
		BEAB1322803DBE35A8DBC25C /* WorkoutActivity.swift in Sources */ = {isa = PBXBuildFile; fileRef = 80FAB456BD7D969B7ACE64DA /* WorkoutActivity.swift */; };
		C71B92A74EBCD19A1943BE8C /* TemplateListViewModel.swift in Sources */ = {isa = PBXBuildFile; fileRef = 64EA00F2C1D158CD10E1E3E7 /* TemplateListViewModel.swift */; };
		C77109DA85289F4FB518059E /* TemplateExercise.swift in Sources */ = {isa = PBXBuildFile; fileRef = 633BCD4586B6D4010BF17FD3 /* TemplateExercise.swift */; };
		C9139C851F7447199D51305A /* TemplateExerciseRow.swift in Sources */ = {isa = PBXBuildFile; fileRef = C5673DE9E27E5714DB2243B6 /* TemplateExerciseRow.swift */; };
		E02B1B8E53383601CCF2E7F6 /* RestTimerService.swift in Sources */ = {isa = PBXBuildFile; fileRef = D73D71EDDF213620D5BD5C56 /* RestTimerService.swift */; };
		E14115AACF55FA7C966346AF /* Template.swift in Sources */ = {isa = PBXBuildFile; fileRef = A412FB481FEE23D6BF981746 /* Template.swift */; };
		E8F14E95FDFED307B2DC2042 /* WorkoutTrackerApp.swift in Sources */ = {isa = PBXBuildFile; fileRef = D48BD9386FBE1872BB0B6849 /* WorkoutTrackerApp.swift */; };
		EEAC56A929E32BDB2F35298B /* TemplateEditorView.swift in Sources */ = {isa = PBXBuildFile; fileRef = 9A089C74A8AC7B7C960AED1E /* TemplateEditorView.swift */; };
		EEC920EF1F2B2FA7FA8D9DE2 /* ActiveSessionViewModel.swift in Sources */ = {isa = PBXBuildFile; fileRef = A71B41AEC4ED91F72A8258E2 /* ActiveSessionViewModel.swift */; };
		F1470372197C98492479E030 /* ExerciseHistoryView.swift in Sources */ = {isa = PBXBuildFile; fileRef = A12B472FF66BD1778F88F022 /* ExerciseHistoryView.swift */; };
		F326025B5F4E7A6A561B9FE1 /* RestTimerView.swift in Sources */ = {isa = PBXBuildFile; fileRef = B1FDBC8839BAF2A4CAB0DDE1 /* RestTimerView.swift */; };
		F3AF3C97A7ACF8744483E2F2 /* Assets.xcassets in Resources */ = {isa = PBXBuildFile; fileRef = 9DA4AD18554232A9AF968490 /* Assets.xcassets */; };
		F58786858363A7A52D822F21 /* Exercise.swift in Sources */ = {isa = PBXBuildFile; fileRef = DD5AE788CBF5DAF0C684F6D3 /* Exercise.swift */; };
		FA5494A0D4D71C4879729CD6 /* ActiveSessionView.swift in Sources */ = {isa = PBXBuildFile; fileRef = 4074C2BF3D4DA30011B038E1 /* ActiveSessionView.swift */; };
/* End PBXBuildFile section */

/* Begin PBXContainerItemProxy section */
		6C72FBEF01DFB953F9DADF1D /* PBXContainerItemProxy */ = {
			isa = PBXContainerItemProxy;
			containerPortal = 911E322F47B92A6FA8D976C0 /* Project object */;
			proxyType = 1;
			remoteGlobalIDString = C6FB695EE9898A2D21DE8827;
			remoteInfo = WorkoutWidgetExtension;
		};
/* End PBXContainerItemProxy section */

/* Begin PBXCopyFilesBuildPhase section */
		FDEF0D644E81991E7EB34259 /* Embed Foundation Extensions */ = {
			isa = PBXCopyFilesBuildPhase;
			buildActionMask = 2147483647;
			dstPath = "";
			dstSubfolderSpec = 13;
			files = (
				383A87C4090D9D5076A60557 /* WorkoutWidgetExtension.appex in Embed Foundation Extensions */,
			);
			name = "Embed Foundation Extensions";
			runOnlyForDeploymentPostprocessing = 0;
		};
/* End PBXCopyFilesBuildPhase section */

/* Begin PBXFileReference section */
		0670A9AB9DF27BCD555BBAD2 /* NumericTextField.swift */ = {isa = PBXFileReference; lastKnownFileType = sourcecode.swift; path = NumericTextField.swift; sourceTree = "<group>"; };
		0FB3FD803035F69C96618C58 /* TemplateEditorViewModel.swift */ = {isa = PBXFileReference; lastKnownFileType = sourcecode.swift; path = TemplateEditorViewModel.swift; sourceTree = "<group>"; };
		10EB6957BE8DC39B5466E38B /* WorkoutWidgetExtensionBundle.swift */ = {isa = PBXFileReference; lastKnownFileType = sourcecode.swift; path = WorkoutWidgetExtensionBundle.swift; sourceTree = "<group>"; };
		1AA0CD4C1B4C52FD2138588B /* SessionStatus.swift */ = {isa = PBXFileReference; lastKnownFileType = sourcecode.swift; path = SessionStatus.swift; sourceTree = "<group>"; };
		2347DB689E6E46BB2C37B04F /* SetRowView.swift */ = {isa = PBXFileReference; lastKnownFileType = sourcecode.swift; path = SetRowView.swift; sourceTree = "<group>"; };
		2FD4A75277E171E122BA9542 /* ExercisePickerView.swift */ = {isa = PBXFileReference; lastKnownFileType = sourcecode.swift; path = ExercisePickerView.swift; sourceTree = "<group>"; };
		357C8744D6F3D1DE52BD96B4 /* WorkoutWidgetExtension.appex */ = {isa = PBXFileReference; explicitFileType = "wrapper.app-extension"; includeInIndex = 0; path = WorkoutWidgetExtension.appex; sourceTree = BUILT_PRODUCTS_DIR; };
		394F8FFDCFB22AFF4D8B86C6 /* WorkoutWidgetExtension.entitlements */ = {isa = PBXFileReference; lastKnownFileType = text.plist.entitlements; path = WorkoutWidgetExtension.entitlements; sourceTree = "<group>"; };
		4074C2BF3D4DA30011B038E1 /* ActiveSessionView.swift */ = {isa = PBXFileReference; lastKnownFileType = sourcecode.swift; path = ActiveSessionView.swift; sourceTree = "<group>"; };
		435A665E1EE8F8F82EA527B3 /* WorkoutTracker.app */ = {isa = PBXFileReference; explicitFileType = wrapper.application; includeInIndex = 0; path = WorkoutTracker.app; sourceTree = BUILT_PRODUCTS_DIR; };
		43A97C22BE313E8BF8F6BBE0 /* PreviewData.swift */ = {isa = PBXFileReference; lastKnownFileType = sourcecode.swift; path = PreviewData.swift; sourceTree = "<group>"; };
		4B77869D2A63077D38A2BACF /* WorkoutSet.swift */ = {isa = PBXFileReference; lastKnownFileType = sourcecode.swift; path = WorkoutSet.swift; sourceTree = "<group>"; };
		5B4A01F940144AB49DCCEA14 /* WorkoutTracker.entitlements */ = {isa = PBXFileReference; lastKnownFileType = text.plist.entitlements; path = WorkoutTracker.entitlements; sourceTree = "<group>"; };
		633BCD4586B6D4010BF17FD3 /* TemplateExercise.swift */ = {isa = PBXFileReference; lastKnownFileType = sourcecode.swift; path = TemplateExercise.swift; sourceTree = "<group>"; };
		64EA00F2C1D158CD10E1E3E7 /* TemplateListViewModel.swift */ = {isa = PBXFileReference; lastKnownFileType = sourcecode.swift; path = TemplateListViewModel.swift; sourceTree = "<group>"; };
		6903883C5A89858553E80FB5 /* WorkoutSession.swift */ = {isa = PBXFileReference; lastKnownFileType = sourcecode.swift; path = WorkoutSession.swift; sourceTree = "<group>"; };
		80FAB456BD7D969B7ACE64DA /* WorkoutActivity.swift */ = {isa = PBXFileReference; lastKnownFileType = sourcecode.swift; path = WorkoutActivity.swift; sourceTree = "<group>"; };
		8447EDB23058B8EA0189F2F0 /* ExerciseListView.swift */ = {isa = PBXFileReference; lastKnownFileType = sourcecode.swift; path = ExerciseListView.swift; sourceTree = "<group>"; };
		870D42857606098A33F445CE /* TemplateListView.swift */ = {isa = PBXFileReference; lastKnownFileType = sourcecode.swift; path = TemplateListView.swift; sourceTree = "<group>"; };
		8C3BAFA3A7ED1245F960821D /* ExerciseListViewModel.swift */ = {isa = PBXFileReference; lastKnownFileType = sourcecode.swift; path = ExerciseListViewModel.swift; sourceTree = "<group>"; };
		9268BDB66527C4092294AB0A /* StartSessionView.swift */ = {isa = PBXFileReference; lastKnownFileType = sourcecode.swift; path = StartSessionView.swift; sourceTree = "<group>"; };
		9A089C74A8AC7B7C960AED1E /* TemplateEditorView.swift */ = {isa = PBXFileReference; lastKnownFileType = sourcecode.swift; path = TemplateEditorView.swift; sourceTree = "<group>"; };
		9DA4AD18554232A9AF968490 /* Assets.xcassets */ = {isa = PBXFileReference; lastKnownFileType = folder.assetcatalog; path = Assets.xcassets; sourceTree = "<group>"; };
		A12B472FF66BD1778F88F022 /* ExerciseHistoryView.swift */ = {isa = PBXFileReference; lastKnownFileType = sourcecode.swift; path = ExerciseHistoryView.swift; sourceTree = "<group>"; };
		A412FB481FEE23D6BF981746 /* Template.swift */ = {isa = PBXFileReference; lastKnownFileType = sourcecode.swift; path = Template.swift; sourceTree = "<group>"; };
		A71B41AEC4ED91F72A8258E2 /* ActiveSessionViewModel.swift */ = {isa = PBXFileReference; lastKnownFileType = sourcecode.swift; path = ActiveSessionViewModel.swift; sourceTree = "<group>"; };
		A920DFD24F403A0AE090901D /* EmptyStateView.swift */ = {isa = PBXFileReference; lastKnownFileType = sourcecode.swift; path = EmptyStateView.swift; sourceTree = "<group>"; };
		AD6B518A75EDFFD4D7B9AB4F /* HistoryView.swift */ = {isa = PBXFileReference; lastKnownFileType = sourcecode.swift; path = HistoryView.swift; sourceTree = "<group>"; };
		B1EDA411A72464C961A06B44 /* ExerciseFormView.swift */ = {isa = PBXFileReference; lastKnownFileType = sourcecode.swift; path = ExerciseFormView.swift; sourceTree = "<group>"; };
		B1FDBC8839BAF2A4CAB0DDE1 /* RestTimerView.swift */ = {isa = PBXFileReference; lastKnownFileType = sourcecode.swift; path = RestTimerView.swift; sourceTree = "<group>"; };
		BF217748AEF9999B71F26B21 /* StartSessionViewModel.swift */ = {isa = PBXFileReference; lastKnownFileType = sourcecode.swift; path = StartSessionViewModel.swift; sourceTree = "<group>"; };
		C5673DE9E27E5714DB2243B6 /* TemplateExerciseRow.swift */ = {isa = PBXFileReference; lastKnownFileType = sourcecode.swift; path = TemplateExerciseRow.swift; sourceTree = "<group>"; };
		C875B1889073FBECDCD0CDCB /* DefaultExerciseLibrary.swift */ = {isa = PBXFileReference; lastKnownFileType = sourcecode.swift; path = DefaultExerciseLibrary.swift; sourceTree = "<group>"; };
		C91FAEDC07AB48A88429C38A /* WorkoutLiveActivityView.swift */ = {isa = PBXFileReference; lastKnownFileType = sourcecode.swift; path = WorkoutLiveActivityView.swift; sourceTree = "<group>"; };
		CB5CBC31F5C46E70A4B6D4CE /* ContentView.swift */ = {isa = PBXFileReference; lastKnownFileType = sourcecode.swift; path = ContentView.swift; sourceTree = "<group>"; };
		D48BD9386FBE1872BB0B6849 /* WorkoutTrackerApp.swift */ = {isa = PBXFileReference; lastKnownFileType = sourcecode.swift; path = WorkoutTrackerApp.swift; sourceTree = "<group>"; };
		D73D71EDDF213620D5BD5C56 /* RestTimerService.swift */ = {isa = PBXFileReference; lastKnownFileType = sourcecode.swift; path = RestTimerService.swift; sourceTree = "<group>"; };
		DD5AE788CBF5DAF0C684F6D3 /* Exercise.swift */ = {isa = PBXFileReference; lastKnownFileType = sourcecode.swift; path = Exercise.swift; sourceTree = "<group>"; };
		DE835C7375DE74DEDE5DEBF2 /* TimerDisplayView.swift */ = {isa = PBXFileReference; lastKnownFileType = sourcecode.swift; path = TimerDisplayView.swift; sourceTree = "<group>"; };
		DE8D1882ABE2FC1D7282CB6B /* ExerciseType.swift */ = {isa = PBXFileReference; lastKnownFileType = sourcecode.swift; path = ExerciseType.swift; sourceTree = "<group>"; };
		E2EB66B5B1AF5133E54AEFB9 /* BodyPart.swift */ = {isa = PBXFileReference; lastKnownFileType = sourcecode.swift; path = BodyPart.swift; sourceTree = "<group>"; };
		EAD5807B25182FB6EEDA38E1 /* ExerciseBlockView.swift */ = {isa = PBXFileReference; lastKnownFileType = sourcecode.swift; path = ExerciseBlockView.swift; sourceTree = "<group>"; };
		EB1F8CF542B810D25E2B0B5E /* ExerciseHistoryService.swift */ = {isa = PBXFileReference; lastKnownFileType = sourcecode.swift; path = ExerciseHistoryService.swift; sourceTree = "<group>"; };
		EBCC0B10507636C70F5C648B /* EndRestIntent.swift */ = {isa = PBXFileReference; lastKnownFileType = sourcecode.swift; path = EndRestIntent.swift; sourceTree = "<group>"; };
		EE9617577EC2B1EE77CC2E63 /* Assets.xcassets */ = {isa = PBXFileReference; lastKnownFileType = folder.assetcatalog; path = Assets.xcassets; sourceTree = "<group>"; };
/* End PBXFileReference section */

/* Begin PBXGroup section */
		1997BFA49DE4750CC2EB3E93 /* Views */ = {
			isa = PBXGroup;
			children = (
				F2CBB9247E8D770E02DCAD46 /* ActiveSession */,
				EA1B1A14548265D76BC82FB7 /* Components */,
				7B856C88E9811DF2F307E658 /* Exercises */,
				DD58D3DDE73ADFC690C9B9B5 /* History */,
				8D6A8C552CA3F6B0D4EED08D /* StartSession */,
				38F8E19337B55AD05D91F1D6 /* Templates */,
			);
			path = Views;
			sourceTree = "<group>";
		};
		221187B2AB24FF9E963A9B9F /* Shared */ = {
			isa = PBXGroup;
			children = (
				80FAB456BD7D969B7ACE64DA /* WorkoutActivity.swift */,
			);
			path = Shared;
			sourceTree = "<group>";
		};
		38F8E19337B55AD05D91F1D6 /* Templates */ = {
			isa = PBXGroup;
			children = (
				2FD4A75277E171E122BA9542 /* ExercisePickerView.swift */,
				9A089C74A8AC7B7C960AED1E /* TemplateEditorView.swift */,
				C5673DE9E27E5714DB2243B6 /* TemplateExerciseRow.swift */,
				870D42857606098A33F445CE /* TemplateListView.swift */,
			);
			path = Templates;
			sourceTree = "<group>";
		};
		449C2DCE1F54278957EE1207 /* Services */ = {
			isa = PBXGroup;
			children = (
				C875B1889073FBECDCD0CDCB /* DefaultExerciseLibrary.swift */,
				EB1F8CF542B810D25E2B0B5E /* ExerciseHistoryService.swift */,
				D73D71EDDF213620D5BD5C56 /* RestTimerService.swift */,
			);
			path = Services;
			sourceTree = "<group>";
		};
		5D0D416371A48422D688C41B /* Enums */ = {
			isa = PBXGroup;
			children = (
				E2EB66B5B1AF5133E54AEFB9 /* BodyPart.swift */,
				DE8D1882ABE2FC1D7282CB6B /* ExerciseType.swift */,
				1AA0CD4C1B4C52FD2138588B /* SessionStatus.swift */,
			);
			path = Enums;
			sourceTree = "<group>";
		};
		69A0B6212409CE351FEAE6CF /* Preview Content */ = {
			isa = PBXGroup;
			children = (
				43A97C22BE313E8BF8F6BBE0 /* PreviewData.swift */,
			);
			path = "Preview Content";
			sourceTree = "<group>";
		};
		7B856C88E9811DF2F307E658 /* Exercises */ = {
			isa = PBXGroup;
			children = (
				B1EDA411A72464C961A06B44 /* ExerciseFormView.swift */,
				8447EDB23058B8EA0189F2F0 /* ExerciseListView.swift */,
			);
			path = Exercises;
			sourceTree = "<group>";
		};
		801AECF0648808367ADB4185 /* WorkoutWidgetExtension */ = {
			isa = PBXGroup;
			children = (
				9DA4AD18554232A9AF968490 /* Assets.xcassets */,
				EBCC0B10507636C70F5C648B /* EndRestIntent.swift */,
				C91FAEDC07AB48A88429C38A /* WorkoutLiveActivityView.swift */,
				394F8FFDCFB22AFF4D8B86C6 /* WorkoutWidgetExtension.entitlements */,
				10EB6957BE8DC39B5466E38B /* WorkoutWidgetExtensionBundle.swift */,
			);
			path = WorkoutWidgetExtension;
			sourceTree = "<group>";
		};
		8D6A8C552CA3F6B0D4EED08D /* StartSession */ = {
			isa = PBXGroup;
			children = (
				9268BDB66527C4092294AB0A /* StartSessionView.swift */,
			);
			path = StartSession;
			sourceTree = "<group>";
		};
		9F358C93B0B4F80F20812547 /* Models */ = {
			isa = PBXGroup;
			children = (
				DD5AE788CBF5DAF0C684F6D3 /* Exercise.swift */,
				A412FB481FEE23D6BF981746 /* Template.swift */,
				633BCD4586B6D4010BF17FD3 /* TemplateExercise.swift */,
				6903883C5A89858553E80FB5 /* WorkoutSession.swift */,
				4B77869D2A63077D38A2BACF /* WorkoutSet.swift */,
				5D0D416371A48422D688C41B /* Enums */,
			);
			path = Models;
			sourceTree = "<group>";
		};
		AD6248B3D6F5FB51D1B71926 = {
			isa = PBXGroup;
			children = (
				221187B2AB24FF9E963A9B9F /* Shared */,
				E4E43F24E68521EDECD85406 /* WorkoutTracker */,
				801AECF0648808367ADB4185 /* WorkoutWidgetExtension */,
				C91759DD6A5BDB578F6ECD07 /* Products */,
			);
			sourceTree = "<group>";
		};
		C91759DD6A5BDB578F6ECD07 /* Products */ = {
			isa = PBXGroup;
			children = (
				435A665E1EE8F8F82EA527B3 /* WorkoutTracker.app */,
				357C8744D6F3D1DE52BD96B4 /* WorkoutWidgetExtension.appex */,
			);
			name = Products;
			sourceTree = "<group>";
		};
		DD58D3DDE73ADFC690C9B9B5 /* History */ = {
			isa = PBXGroup;
			children = (
				AD6B518A75EDFFD4D7B9AB4F /* HistoryView.swift */,
			);
			path = History;
			sourceTree = "<group>";
		};
		E4E43F24E68521EDECD85406 /* WorkoutTracker */ = {
			isa = PBXGroup;
			children = (
				EE9617577EC2B1EE77CC2E63 /* Assets.xcassets */,
				CB5CBC31F5C46E70A4B6D4CE /* ContentView.swift */,
				5B4A01F940144AB49DCCEA14 /* WorkoutTracker.entitlements */,
				D48BD9386FBE1872BB0B6849 /* WorkoutTrackerApp.swift */,
				9F358C93B0B4F80F20812547 /* Models */,
				69A0B6212409CE351FEAE6CF /* Preview Content */,
				449C2DCE1F54278957EE1207 /* Services */,
				E757D4BD985C0F05D3CFCC39 /* ViewModels */,
				1997BFA49DE4750CC2EB3E93 /* Views */,
			);
			path = WorkoutTracker;
			sourceTree = "<group>";
		};
		E757D4BD985C0F05D3CFCC39 /* ViewModels */ = {
			isa = PBXGroup;
			children = (
				A71B41AEC4ED91F72A8258E2 /* ActiveSessionViewModel.swift */,
				8C3BAFA3A7ED1245F960821D /* ExerciseListViewModel.swift */,
				BF217748AEF9999B71F26B21 /* StartSessionViewModel.swift */,
				0FB3FD803035F69C96618C58 /* TemplateEditorViewModel.swift */,
				64EA00F2C1D158CD10E1E3E7 /* TemplateListViewModel.swift */,
			);
			path = ViewModels;
			sourceTree = "<group>";
		};
		EA1B1A14548265D76BC82FB7 /* Components */ = {
			isa = PBXGroup;
			children = (
				A920DFD24F403A0AE090901D /* EmptyStateView.swift */,
				0670A9AB9DF27BCD555BBAD2 /* NumericTextField.swift */,
				DE835C7375DE74DEDE5DEBF2 /* TimerDisplayView.swift */,
			);
			path = Components;
			sourceTree = "<group>";
		};
		F2CBB9247E8D770E02DCAD46 /* ActiveSession */ = {
			isa = PBXGroup;
			children = (
				4074C2BF3D4DA30011B038E1 /* ActiveSessionView.swift */,
				EAD5807B25182FB6EEDA38E1 /* ExerciseBlockView.swift */,
				A12B472FF66BD1778F88F022 /* ExerciseHistoryView.swift */,
				B1FDBC8839BAF2A4CAB0DDE1 /* RestTimerView.swift */,
				2347DB689E6E46BB2C37B04F /* SetRowView.swift */,
			);
			path = ActiveSession;
			sourceTree = "<group>";
		};
/* End PBXGroup section */

/* Begin PBXNativeTarget section */
		6467659005103B3F100F0D23 /* WorkoutTracker */ = {
			isa = PBXNativeTarget;
			buildConfigurationList = 5A9C28BF88DEAB640165D446 /* Build configuration list for PBXNativeTarget "WorkoutTracker" */;
			buildPhases = (
				F26A043336E64F6B17388847 /* Sources */,
				E54EDE7918B4F355385CF221 /* Resources */,
				FDEF0D644E81991E7EB34259 /* Embed Foundation Extensions */,
			);
			buildRules = (
			);
			dependencies = (
				F386078D76BDB6698F8D7FF6 /* PBXTargetDependency */,
			);
			name = WorkoutTracker;
			packageProductDependencies = (
			);
			productName = WorkoutTracker;
			productReference = 435A665E1EE8F8F82EA527B3 /* WorkoutTracker.app */;
			productType = "com.apple.product-type.application";
		};
		C6FB695EE9898A2D21DE8827 /* WorkoutWidgetExtension */ = {
			isa = PBXNativeTarget;
			buildConfigurationList = C4C57DA91E023176CE770864 /* Build configuration list for PBXNativeTarget "WorkoutWidgetExtension" */;
			buildPhases = (
				04698A7CF746F8694369900E /* Sources */,
				FF419B4119916CBD52149651 /* Resources */,
			);
			buildRules = (
			);
			dependencies = (
			);
			name = WorkoutWidgetExtension;
			packageProductDependencies = (
			);
			productName = WorkoutWidgetExtension;
			productReference = 357C8744D6F3D1DE52BD96B4 /* WorkoutWidgetExtension.appex */;
			productType = "com.apple.product-type.app-extension";
		};
/* End PBXNativeTarget section */

/* Begin PBXProject section */
		911E322F47B92A6FA8D976C0 /* Project object */ = {
			isa = PBXProject;
			attributes = {
				BuildIndependentTargetsInParallel = YES;
				LastUpgradeCheck = 1600;
			};
			buildConfigurationList = 03482D008CB47D3EED63543D /* Build configuration list for PBXProject "WorkoutTracker" */;
			compatibilityVersion = "Xcode 14.0";
			developmentRegion = en;
			hasScannedForEncodings = 0;
			knownRegions = (
				Base,
				en,
			);
			mainGroup = AD6248B3D6F5FB51D1B71926;
			minimizedProjectReferenceProxies = 1;
			projectDirPath = "";
			projectRoot = "";
			targets = (
				6467659005103B3F100F0D23 /* WorkoutTracker */,
				C6FB695EE9898A2D21DE8827 /* WorkoutWidgetExtension */,
			);
		};
/* End PBXProject section */

/* Begin PBXResourcesBuildPhase section */
		E54EDE7918B4F355385CF221 /* Resources */ = {
			isa = PBXResourcesBuildPhase;
			buildActionMask = 2147483647;
			files = (
				788EBD095ACFD0CF48BDA4EE /* Assets.xcassets in Resources */,
			);
			runOnlyForDeploymentPostprocessing = 0;
		};
		FF419B4119916CBD52149651 /* Resources */ = {
			isa = PBXResourcesBuildPhase;
			buildActionMask = 2147483647;
			files = (
				F3AF3C97A7ACF8744483E2F2 /* Assets.xcassets in Resources */,
			);
			runOnlyForDeploymentPostprocessing = 0;
		};
/* End PBXResourcesBuildPhase section */

/* Begin PBXSourcesBuildPhase section */
		04698A7CF746F8694369900E /* Sources */ = {
			isa = PBXSourcesBuildPhase;
			buildActionMask = 2147483647;
			files = (
				744E36678B5AB8BA40996DB3 /* EndRestIntent.swift in Sources */,
				BEAB1322803DBE35A8DBC25C /* WorkoutActivity.swift in Sources */,
				96FEFFC1AD6D804449068859 /* WorkoutLiveActivityView.swift in Sources */,
				8E637F633B769EBBD961DEA8 /* WorkoutWidgetExtensionBundle.swift in Sources */,
			);
			runOnlyForDeploymentPostprocessing = 0;
		};
		F26A043336E64F6B17388847 /* Sources */ = {
			isa = PBXSourcesBuildPhase;
			buildActionMask = 2147483647;
			files = (
				FA5494A0D4D71C4879729CD6 /* ActiveSessionView.swift in Sources */,
				EEC920EF1F2B2FA7FA8D9DE2 /* ActiveSessionViewModel.swift in Sources */,
				98361FD687F093D8E6CA2901 /* BodyPart.swift in Sources */,
				BA532A5A6FA98C950510B2D2 /* ContentView.swift in Sources */,
				48AF3ABA437D223290579400 /* DefaultExerciseLibrary.swift in Sources */,
				6A217D1F73709AC1ABF0DCE1 /* EmptyStateView.swift in Sources */,
				F58786858363A7A52D822F21 /* Exercise.swift in Sources */,
				7D989A8BC47995E329D2EBEC /* ExerciseBlockView.swift in Sources */,
				6CE4B7E9B37708B480E119DC /* ExerciseFormView.swift in Sources */,
				17F64797FED2F13285CBF3DF /* ExerciseHistoryService.swift in Sources */,
				F1470372197C98492479E030 /* ExerciseHistoryView.swift in Sources */,
				618D6400A9AA496737510497 /* ExerciseListView.swift in Sources */,
				028300141808746466E634B2 /* ExerciseListViewModel.swift in Sources */,
				0912D47120B7229C364E8E77 /* ExercisePickerView.swift in Sources */,
				2B816B26FEFB9DAD926EE3A6 /* ExerciseType.swift in Sources */,
				279835F8906524F82B742370 /* HistoryView.swift in Sources */,
				AD489D565493D8F9733ED9FD /* NumericTextField.swift in Sources */,
				0C11462B55008A7900A9D51A /* PreviewData.swift in Sources */,
				E02B1B8E53383601CCF2E7F6 /* RestTimerService.swift in Sources */,
				F326025B5F4E7A6A561B9FE1 /* RestTimerView.swift in Sources */,
				0B9CFF42C9BBCFB76F6DBF91 /* SessionStatus.swift in Sources */,
				2B1180303A14C73D8F78C5AC /* SetRowView.swift in Sources */,
				15912B4D866475B0F57D33C9 /* StartSessionView.swift in Sources */,
				88B3828DD1B9709DC0FEF74A /* StartSessionViewModel.swift in Sources */,
				E14115AACF55FA7C966346AF /* Template.swift in Sources */,
				EEAC56A929E32BDB2F35298B /* TemplateEditorView.swift in Sources */,
				10EE81F1DE85FE8D4DD052D1 /* TemplateEditorViewModel.swift in Sources */,
				C77109DA85289F4FB518059E /* TemplateExercise.swift in Sources */,
				C9139C851F7447199D51305A /* TemplateExerciseRow.swift in Sources */,
				3C6A3872F812FC819E64A705 /* TemplateListView.swift in Sources */,
				C71B92A74EBCD19A1943BE8C /* TemplateListViewModel.swift in Sources */,
				61C7F7FE7D5674EB2C7299F7 /* TimerDisplayView.swift in Sources */,
				BE25C87388F81DF2F2A36085 /* WorkoutActivity.swift in Sources */,
				0960A99C5E03DF15FF1EAAA6 /* WorkoutSession.swift in Sources */,
				13C79CA9AD7379340FE35067 /* WorkoutSet.swift in Sources */,
				E8F14E95FDFED307B2DC2042 /* WorkoutTrackerApp.swift in Sources */,
			);
			runOnlyForDeploymentPostprocessing = 0;
		};
/* End PBXSourcesBuildPhase section */

/* Begin PBXTargetDependency section */
		F386078D76BDB6698F8D7FF6 /* PBXTargetDependency */ = {
			isa = PBXTargetDependency;
			target = C6FB695EE9898A2D21DE8827 /* WorkoutWidgetExtension */;
			targetProxy = 6C72FBEF01DFB953F9DADF1D /* PBXContainerItemProxy */;
		};
/* End PBXTargetDependency section */

/* Begin XCBuildConfiguration section */
		0985F3CA67B51946169F4DD9 /* Debug */ = {
			isa = XCBuildConfiguration;
			buildSettings = {
				ASSETCATALOG_COMPILER_APPICON_NAME = AppIcon;
				CODE_SIGN_ENTITLEMENTS = WorkoutTracker/WorkoutTracker.entitlements;
				CODE_SIGN_IDENTITY = "iPhone Developer";
				CURRENT_PROJECT_VERSION = 1;
				DEVELOPMENT_TEAM = Z6H3ABLQR5;
				GENERATE_INFOPLIST_FILE = YES;
				INFOPLIST_KEY_NSSupportsLiveActivities = YES;
				INFOPLIST_KEY_UIApplicationSceneManifest_Generation = YES;
				INFOPLIST_KEY_UILaunchScreen_Generation = YES;
				LD_RUNPATH_SEARCH_PATHS = (
					"$(inherited)",
					"@executable_path/Frameworks",
				);
				MARKETING_VERSION = 1.0.0;
				PRODUCT_BUNDLE_IDENTIFIER = com.workouttrackerclaude.app;
				SDKROOT = iphoneos;
				SWIFT_STRICT_CONCURRENCY = minimal;
				TARGETED_DEVICE_FAMILY = "1,2";
			};
			name = Debug;
		};
		0B7862ADF53C8CE340D0BF09 /* Debug */ = {
			isa = XCBuildConfiguration;
			buildSettings = {
				CODE_SIGN_ENTITLEMENTS = WorkoutWidgetExtension/WorkoutWidgetExtension.entitlements;
				CURRENT_PROJECT_VERSION = 1;
				DEVELOPMENT_TEAM = Z6H3ABLQR5;
				INFOPLIST_FILE = WorkoutWidgetExtension/Info.plist;
				LD_RUNPATH_SEARCH_PATHS = (
					"$(inherited)",
					"@executable_path/Frameworks",
					"@executable_path/../../Frameworks",
				);
				MARKETING_VERSION = 1.0.0;
				PRODUCT_BUNDLE_IDENTIFIER = com.workouttrackerclaude.app.widget;
				SDKROOT = iphoneos;
				SWIFT_STRICT_CONCURRENCY = minimal;
				TARGETED_DEVICE_FAMILY = "1,2";
			};
			name = Debug;
		};
		8EBE64E8BA6EAC5943905B78 /* Release */ = {
			isa = XCBuildConfiguration;
			buildSettings = {
				ALWAYS_SEARCH_USER_PATHS = NO;
				CLANG_ANALYZER_NONNULL = YES;
				CLANG_ANALYZER_NUMBER_OBJECT_CONVERSION = YES_AGGRESSIVE;
				CLANG_CXX_LANGUAGE_STANDARD = "gnu++14";
				CLANG_CXX_LIBRARY = "libc++";
				CLANG_ENABLE_MODULES = YES;
				CLANG_ENABLE_OBJC_ARC = YES;
				CLANG_ENABLE_OBJC_WEAK = YES;
				CLANG_WARN_BLOCK_CAPTURE_AUTORELEASING = YES;
				CLANG_WARN_BOOL_CONVERSION = YES;
				CLANG_WARN_COMMA = YES;
				CLANG_WARN_CONSTANT_CONVERSION = YES;
				CLANG_WARN_DEPRECATED_OBJC_IMPLEMENTATIONS = YES;
				CLANG_WARN_DIRECT_OBJC_ISA_USAGE = YES_ERROR;
				CLANG_WARN_DOCUMENTATION_COMMENTS = YES;
				CLANG_WARN_EMPTY_BODY = YES;
				CLANG_WARN_ENUM_CONVERSION = YES;
				CLANG_WARN_INFINITE_RECURSION = YES;
				CLANG_WARN_INT_CONVERSION = YES;
				CLANG_WARN_NON_LITERAL_NULL_CONVERSION = YES;
				CLANG_WARN_OBJC_IMPLICIT_RETAIN_SELF = YES;
				CLANG_WARN_OBJC_LITERAL_CONVERSION = YES;
				CLANG_WARN_OBJC_ROOT_CLASS = YES_ERROR;
				CLANG_WARN_QUOTED_INCLUDE_IN_FRAMEWORK_HEADER = YES;
				CLANG_WARN_RANGE_LOOP_ANALYSIS = YES;
				CLANG_WARN_STRICT_PROTOTYPES = YES;
				CLANG_WARN_SUSPICIOUS_MOVE = YES;
				CLANG_WARN_UNGUARDED_AVAILABILITY = YES_AGGRESSIVE;
				CLANG_WARN_UNREACHABLE_CODE = YES;
				CLANG_WARN__DUPLICATE_METHOD_MATCH = YES;
				COPY_PHASE_STRIP = NO;
				DEBUG_INFORMATION_FORMAT = "dwarf-with-dsym";
				ENABLE_NS_ASSERTIONS = NO;
				ENABLE_STRICT_OBJC_MSGSEND = YES;
				ENABLE_USER_SCRIPT_SANDBOXING = NO;
				GCC_C_LANGUAGE_STANDARD = gnu11;
				GCC_NO_COMMON_BLOCKS = YES;
				GCC_WARN_64_TO_32_BIT_CONVERSION = YES;
				GCC_WARN_ABOUT_RETURN_TYPE = YES_ERROR;
				GCC_WARN_UNDECLARED_SELECTOR = YES;
				GCC_WARN_UNINITIALIZED_AUTOS = YES_AGGRESSIVE;
				GCC_WARN_UNUSED_FUNCTION = YES;
				GCC_WARN_UNUSED_VARIABLE = YES;
				IPHONEOS_DEPLOYMENT_TARGET = 17.0;
				MTL_ENABLE_DEBUG_INFO = NO;
				MTL_FAST_MATH = YES;
				PRODUCT_NAME = "$(TARGET_NAME)";
				SDKROOT = iphoneos;
				SWIFT_COMPILATION_MODE = wholemodule;
				SWIFT_OPTIMIZATION_LEVEL = "-O";
				SWIFT_VERSION = 6.0;
			};
			name = Release;
		};
		AEE3406817DDC3CF727D4818 /* Release */ = {
			isa = XCBuildConfiguration;
			buildSettings = {
				ASSETCATALOG_COMPILER_APPICON_NAME = AppIcon;
				CODE_SIGN_ENTITLEMENTS = WorkoutTracker/WorkoutTracker.entitlements;
				CODE_SIGN_IDENTITY = "iPhone Developer";
				CURRENT_PROJECT_VERSION = 1;
				DEVELOPMENT_TEAM = Z6H3ABLQR5;
				GENERATE_INFOPLIST_FILE = YES;
				INFOPLIST_KEY_NSSupportsLiveActivities = YES;
				INFOPLIST_KEY_UIApplicationSceneManifest_Generation = YES;
				INFOPLIST_KEY_UILaunchScreen_Generation = YES;
				LD_RUNPATH_SEARCH_PATHS = (
					"$(inherited)",
					"@executable_path/Frameworks",
				);
				MARKETING_VERSION = 1.0.0;
				PRODUCT_BUNDLE_IDENTIFIER = com.workouttrackerclaude.app;
				SDKROOT = iphoneos;
				SWIFT_STRICT_CONCURRENCY = minimal;
				TARGETED_DEVICE_FAMILY = "1,2";
			};
			name = Release;
		};
		BE08E80469AD6F14E590565E /* Debug */ = {
			isa = XCBuildConfiguration;
			buildSettings = {
				ALWAYS_SEARCH_USER_PATHS = NO;
				CLANG_ANALYZER_NONNULL = YES;
				CLANG_ANALYZER_NUMBER_OBJECT_CONVERSION = YES_AGGRESSIVE;
				CLANG_CXX_LANGUAGE_STANDARD = "gnu++14";
				CLANG_CXX_LIBRARY = "libc++";
				CLANG_ENABLE_MODULES = YES;
				CLANG_ENABLE_OBJC_ARC = YES;
				CLANG_ENABLE_OBJC_WEAK = YES;
				CLANG_WARN_BLOCK_CAPTURE_AUTORELEASING = YES;
				CLANG_WARN_BOOL_CONVERSION = YES;
				CLANG_WARN_COMMA = YES;
				CLANG_WARN_CONSTANT_CONVERSION = YES;
				CLANG_WARN_DEPRECATED_OBJC_IMPLEMENTATIONS = YES;
				CLANG_WARN_DIRECT_OBJC_ISA_USAGE = YES_ERROR;
				CLANG_WARN_DOCUMENTATION_COMMENTS = YES;
				CLANG_WARN_EMPTY_BODY = YES;
				CLANG_WARN_ENUM_CONVERSION = YES;
				CLANG_WARN_INFINITE_RECURSION = YES;
				CLANG_WARN_INT_CONVERSION = YES;
				CLANG_WARN_NON_LITERAL_NULL_CONVERSION = YES;
				CLANG_WARN_OBJC_IMPLICIT_RETAIN_SELF = YES;
				CLANG_WARN_OBJC_LITERAL_CONVERSION = YES;
				CLANG_WARN_OBJC_ROOT_CLASS = YES_ERROR;
				CLANG_WARN_QUOTED_INCLUDE_IN_FRAMEWORK_HEADER = YES;
				CLANG_WARN_RANGE_LOOP_ANALYSIS = YES;
				CLANG_WARN_STRICT_PROTOTYPES = YES;
				CLANG_WARN_SUSPICIOUS_MOVE = YES;
				CLANG_WARN_UNGUARDED_AVAILABILITY = YES_AGGRESSIVE;
				CLANG_WARN_UNREACHABLE_CODE = YES;
				CLANG_WARN__DUPLICATE_METHOD_MATCH = YES;
				COPY_PHASE_STRIP = NO;
				DEBUG_INFORMATION_FORMAT = dwarf;
				ENABLE_STRICT_OBJC_MSGSEND = YES;
				ENABLE_TESTABILITY = YES;
				ENABLE_USER_SCRIPT_SANDBOXING = NO;
				GCC_C_LANGUAGE_STANDARD = gnu11;
				GCC_DYNAMIC_NO_PIC = NO;
				GCC_NO_COMMON_BLOCKS = YES;
				GCC_OPTIMIZATION_LEVEL = 0;
				GCC_PREPROCESSOR_DEFINITIONS = (
					"$(inherited)",
					"DEBUG=1",
				);
				GCC_WARN_64_TO_32_BIT_CONVERSION = YES;
				GCC_WARN_ABOUT_RETURN_TYPE = YES_ERROR;
				GCC_WARN_UNDECLARED_SELECTOR = YES;
				GCC_WARN_UNINITIALIZED_AUTOS = YES_AGGRESSIVE;
				GCC_WARN_UNUSED_FUNCTION = YES;
				GCC_WARN_UNUSED_VARIABLE = YES;
				IPHONEOS_DEPLOYMENT_TARGET = 17.0;
				MTL_ENABLE_DEBUG_INFO = INCLUDE_SOURCE;
				MTL_FAST_MATH = YES;
				ONLY_ACTIVE_ARCH = YES;
				PRODUCT_NAME = "$(TARGET_NAME)";
				SDKROOT = iphoneos;
				SWIFT_ACTIVE_COMPILATION_CONDITIONS = DEBUG;
				SWIFT_OPTIMIZATION_LEVEL = "-Onone";
				SWIFT_VERSION = 6.0;
			};
			name = Debug;
		};
		C8A8F45D5EA46899DB6A7719 /* Release */ = {
			isa = XCBuildConfiguration;
			buildSettings = {
				CODE_SIGN_ENTITLEMENTS = WorkoutWidgetExtension/WorkoutWidgetExtension.entitlements;
				CURRENT_PROJECT_VERSION = 1;
				DEVELOPMENT_TEAM = Z6H3ABLQR5;
				INFOPLIST_FILE = WorkoutWidgetExtension/Info.plist;
				LD_RUNPATH_SEARCH_PATHS = (
					"$(inherited)",
					"@executable_path/Frameworks",
					"@executable_path/../../Frameworks",
				);
				MARKETING_VERSION = 1.0.0;
				PRODUCT_BUNDLE_IDENTIFIER = com.workouttrackerclaude.app.widget;
				SDKROOT = iphoneos;
				SWIFT_STRICT_CONCURRENCY = minimal;
				TARGETED_DEVICE_FAMILY = "1,2";
			};
			name = Release;
		};
/* End XCBuildConfiguration section */

/* Begin XCConfigurationList section */
		03482D008CB47D3EED63543D /* Build configuration list for PBXProject "WorkoutTracker" */ = {
			isa = XCConfigurationList;
			buildConfigurations = (
				BE08E80469AD6F14E590565E /* Debug */,
				8EBE64E8BA6EAC5943905B78 /* Release */,
			);
			defaultConfigurationIsVisible = 0;
			defaultConfigurationName = Debug;
		};
		5A9C28BF88DEAB640165D446 /* Build configuration list for PBXNativeTarget "WorkoutTracker" */ = {
			isa = XCConfigurationList;
			buildConfigurations = (
				0985F3CA67B51946169F4DD9 /* Debug */,
				AEE3406817DDC3CF727D4818 /* Release */,
			);
			defaultConfigurationIsVisible = 0;
			defaultConfigurationName = Debug;
		};
		C4C57DA91E023176CE770864 /* Build configuration list for PBXNativeTarget "WorkoutWidgetExtension" */ = {
			isa = XCConfigurationList;
			buildConfigurations = (
				0B7862ADF53C8CE340D0BF09 /* Debug */,
				C8A8F45D5EA46899DB6A7719 /* Release */,
			);
			defaultConfigurationIsVisible = 0;
			defaultConfigurationName = Debug;
		};
/* End XCConfigurationList section */
	};
	rootObject = 911E322F47B92A6FA8D976C0 /* Project object */;
}
